
Microsoft Visual Studio Solution File, Format Version 12.00
# Visual Studio Version 17
VisualStudioVersion = 17.11.35327.3
MinimumVisualStudioVersion = 10.0.40219.1
Project("{FAE04EC0-301F-11D3-BF4B-00C04F79EFBC}") = "Cats", "Cats\Cats.csproj", "{1945E5F6-CE1A-419B-9098-0C22C4ADC30C}"
EndProject
Global
	GlobalSection(SolutionConfigurationPlatforms) = preSolution
		Debug|Any CPU = Debug|Any CPU
		Release|Any CPU = Release|Any CPU
	EndGlobalSection
	GlobalSection(ProjectConfigurationPlatforms) = postSolution
		{1945E5F6-CE1A-419B-9098-0C22C4ADC30C}.Debug|Any CPU.ActiveCfg = Debug|Any CPU
		{1945E5F6-CE1A-419B-9098-0C22C4ADC30C}.Debug|Any CPU.Build.0 = Debug|Any CPU
		{1945E5F6-CE1A-419B-9098-0C22C4ADC30C}.Release|Any CPU.ActiveCfg = Release|Any CPU
		{1945E5F6-CE1A-419B-9098-0C22C4ADC30C}.Release|Any CPU.Build.0 = Release|Any CPU
	EndGlobalSection
	GlobalSection(SolutionProperties) = preSolution
		HideSolutionNode = FALSE
	EndGlobalSection
	GlobalSection(ExtensibilityGlobals) = postSolution
		SolutionGuid = {44048655-C7E1-4946-B5FF-193FA3B38C4A}
	EndGlobalSection
EndGlobal
